
Microsoft Visual Studio Solution File, Format Version 12.00
# Visual Studio Version 16
VisualStudioVersion = 16.0.30621.155
MinimumVisualStudioVersion = 10.0.40219.1
Project("{FAE04EC0-301F-11D3-BF4B-00C04F79EFBC}") = "webapp", "webapp\webapp.csproj", "{7D85C625-FFD2-474B-8C66-EDB9BD653B12}"
EndProject
Project("{FAE04EC0-301F-11D3-BF4B-00C04F79EFBC}") = "webapp.EF", "webapp.EF\webapp.EF.csproj", "{9FDA1D33-FEE2-4A20-9560-BFFA482A1502}"
EndProject
Global
	GlobalSection(SolutionConfigurationPlatforms) = preSolution
		Debug|Any CPU = Debug|Any CPU
		Release|Any CPU = Release|Any CPU
	EndGlobalSection
	GlobalSection(ProjectConfigurationPlatforms) = postSolution
		{7D85C625-FFD2-474B-8C66-EDB9BD653B12}.Debug|Any CPU.ActiveCfg = Debug|Any CPU
		{7D85C625-FFD2-474B-8C66-EDB9BD653B12}.Debug|Any CPU.Build.0 = Debug|Any CPU
		{7D85C625-FFD2-474B-8C66-EDB9BD653B12}.Release|Any CPU.ActiveCfg = Release|Any CPU
		{7D85C625-FFD2-474B-8C66-EDB9BD653B12}.Release|Any CPU.Build.0 = Release|Any CPU
		{9FDA1D33-FEE2-4A20-9560-BFFA482A1502}.Debug|Any CPU.ActiveCfg = Debug|Any CPU
		{9FDA1D33-FEE2-4A20-9560-BFFA482A1502}.Debug|Any CPU.Build.0 = Debug|Any CPU
		{9FDA1D33-FEE2-4A20-9560-BFFA482A1502}.Release|Any CPU.ActiveCfg = Release|Any CPU
		{9FDA1D33-FEE2-4A20-9560-BFFA482A1502}.Release|Any CPU.Build.0 = Release|Any CPU
	EndGlobalSection
	GlobalSection(SolutionProperties) = preSolution
		HideSolutionNode = FALSE
	EndGlobalSection
	GlobalSection(ExtensibilityGlobals) = postSolution
		SolutionGuid = {7B360E8A-875F-4372-AC0F-9C1219D743E7}
	EndGlobalSection
EndGlobal
